
Microsoft Visual Studio Solution File, Format Version 12.00
# Visual Studio Version 17
VisualStudioVersion = 17.6.33815.320
MinimumVisualStudioVersion = 10.0.40219.1
Project("{FAE04EC0-301F-11D3-BF4B-00C04F79EFBC}") = "VestorEngine", "VestorEngine.csproj", "{CD828EE8-C6D2-4628-AFAB-3798C814BDFA}"
EndProject
Global
	GlobalSection(SolutionConfigurationPlatforms) = preSolution
		Debug|Any CPU = Debug|Any CPU
		Release|Any CPU = Release|Any CPU
	EndGlobalSection
	GlobalSection(ProjectConfigurationPlatforms) = postSolution
		{CD828EE8-C6D2-4628-AFAB-3798C814BDFA}.Debug|Any CPU.ActiveCfg = Debug|Any CPU
		{CD828EE8-C6D2-4628-AFAB-3798C814BDFA}.Debug|Any CPU.Build.0 = Debug|Any CPU
		{CD828EE8-C6D2-4628-AFAB-3798C814BDFA}.Release|Any CPU.ActiveCfg = Release|Any CPU
		{CD828EE8-C6D2-4628-AFAB-3798C814BDFA}.Release|Any CPU.Build.0 = Release|Any CPU
	EndGlobalSection
	GlobalSection(SolutionProperties) = preSolution
		HideSolutionNode = FALSE
	EndGlobalSection
	GlobalSection(ExtensibilityGlobals) = postSolution
		SolutionGuid = {D9AD6AF8-C2CD-4272-8AEE-8D993B8B848D}
	EndGlobalSection
EndGlobal
